
Microsoft Visual Studio Solution File, Format Version 12.00
Project("{FAE04EC0-301F-11D3-BF4B-00C04F79EFBC}") = "CarAuctionManagementSystem.API", "CarAuctionManagementSystem.API\CarAuctionManagementSystem.API.csproj", "{9E38B952-E969-49B1-9D8B-57BC72388CCC}"
EndProject
Project("{FAE04EC0-301F-11D3-BF4B-00C04F79EFBC}") = "CarAuctionManagementSystem.Test", "CarAuctionManagementSystem.Test\CarAuctionManagementSystem.Test.csproj", "{3C8E2951-5C65-43EE-8ED9-0B31390783F5}"
EndProject
Global
	GlobalSection(SolutionConfigurationPlatforms) = preSolution
		Debug|Any CPU = Debug|Any CPU
		Release|Any CPU = Release|Any CPU
	EndGlobalSection
	GlobalSection(ProjectConfigurationPlatforms) = postSolution
		{9E38B952-E969-49B1-9D8B-57BC72388CCC}.Debug|Any CPU.ActiveCfg = Debug|Any CPU
		{9E38B952-E969-49B1-9D8B-57BC72388CCC}.Debug|Any CPU.Build.0 = Debug|Any CPU
		{9E38B952-E969-49B1-9D8B-57BC72388CCC}.Release|Any CPU.ActiveCfg = Release|Any CPU
		{9E38B952-E969-49B1-9D8B-57BC72388CCC}.Release|Any CPU.Build.0 = Release|Any CPU
		{3C8E2951-5C65-43EE-8ED9-0B31390783F5}.Debug|Any CPU.ActiveCfg = Debug|Any CPU
		{3C8E2951-5C65-43EE-8ED9-0B31390783F5}.Debug|Any CPU.Build.0 = Debug|Any CPU
		{3C8E2951-5C65-43EE-8ED9-0B31390783F5}.Release|Any CPU.ActiveCfg = Release|Any CPU
		{3C8E2951-5C65-43EE-8ED9-0B31390783F5}.Release|Any CPU.Build.0 = Release|Any CPU
	EndGlobalSection
EndGlobal
